
Microsoft Visual Studio Solution File, Format Version 12.00
# Visual Studio Version 17
VisualStudioVersion = 17.13.35806.99
MinimumVisualStudioVersion = 10.0.40219.1
Project("{FAE04EC0-301F-11D3-BF4B-00C04F79EFBC}") = "KeyManager", "KeyManager\KeyManager.csproj", "{BB5CEC86-E04A-464F-AD23-4DD926F3ABDE}"
EndProject
Project("{FAE04EC0-301F-11D3-BF4B-00C04F79EFBC}") = "Tests", "Tests\Tests.csproj", "{F792D6D3-8311-404C-8F30-1D59AF468E46}"
EndProject
Project("{FAE04EC0-301F-11D3-BF4B-00C04F79EFBC}") = "KeyManager.Application", "KeyManager.Application\KeyManager.Application.csproj", "{4FAD8DB9-D9D5-4838-B7A7-FD6C1435F1AF}"
EndProject
Project("{FAE04EC0-301F-11D3-BF4B-00C04F79EFBC}") = "KeyManager.Domain", "KeyManager.Domain\KeyManager.Domain.csproj", "{93735B44-BD7E-49F8-A5E2-D559FCB1D425}"
EndProject
Project("{FAE04EC0-301F-11D3-BF4B-00C04F79EFBC}") = "KeyManager.Persistence", "KeyManager.Persistence\KeyManager.Persistence.csproj", "{4D41D6EA-177D-477A-9FD0-9601FD48FC9A}"
EndProject
Global
	GlobalSection(SolutionConfigurationPlatforms) = preSolution
		Debug|Any CPU = Debug|Any CPU
		Release|Any CPU = Release|Any CPU
	EndGlobalSection
	GlobalSection(ProjectConfigurationPlatforms) = postSolution
		{BB5CEC86-E04A-464F-AD23-4DD926F3ABDE}.Debug|Any CPU.ActiveCfg = Debug|Any CPU
		{BB5CEC86-E04A-464F-AD23-4DD926F3ABDE}.Debug|Any CPU.Build.0 = Debug|Any CPU
		{BB5CEC86-E04A-464F-AD23-4DD926F3ABDE}.Release|Any CPU.ActiveCfg = Release|Any CPU
		{BB5CEC86-E04A-464F-AD23-4DD926F3ABDE}.Release|Any CPU.Build.0 = Release|Any CPU
		{F792D6D3-8311-404C-8F30-1D59AF468E46}.Debug|Any CPU.ActiveCfg = Debug|Any CPU
		{F792D6D3-8311-404C-8F30-1D59AF468E46}.Debug|Any CPU.Build.0 = Debug|Any CPU
		{F792D6D3-8311-404C-8F30-1D59AF468E46}.Release|Any CPU.ActiveCfg = Release|Any CPU
		{F792D6D3-8311-404C-8F30-1D59AF468E46}.Release|Any CPU.Build.0 = Release|Any CPU
		{4FAD8DB9-D9D5-4838-B7A7-FD6C1435F1AF}.Debug|Any CPU.ActiveCfg = Debug|Any CPU
		{4FAD8DB9-D9D5-4838-B7A7-FD6C1435F1AF}.Debug|Any CPU.Build.0 = Debug|Any CPU
		{4FAD8DB9-D9D5-4838-B7A7-FD6C1435F1AF}.Release|Any CPU.ActiveCfg = Release|Any CPU
		{4FAD8DB9-D9D5-4838-B7A7-FD6C1435F1AF}.Release|Any CPU.Build.0 = Release|Any CPU
		{93735B44-BD7E-49F8-A5E2-D559FCB1D425}.Debug|Any CPU.ActiveCfg = Debug|Any CPU
		{93735B44-BD7E-49F8-A5E2-D559FCB1D425}.Debug|Any CPU.Build.0 = Debug|Any CPU
		{93735B44-BD7E-49F8-A5E2-D559FCB1D425}.Release|Any CPU.ActiveCfg = Release|Any CPU
		{93735B44-BD7E-49F8-A5E2-D559FCB1D425}.Release|Any CPU.Build.0 = Release|Any CPU
		{4D41D6EA-177D-477A-9FD0-9601FD48FC9A}.Debug|Any CPU.ActiveCfg = Debug|Any CPU
		{4D41D6EA-177D-477A-9FD0-9601FD48FC9A}.Debug|Any CPU.Build.0 = Debug|Any CPU
		{4D41D6EA-177D-477A-9FD0-9601FD48FC9A}.Release|Any CPU.ActiveCfg = Release|Any CPU
		{4D41D6EA-177D-477A-9FD0-9601FD48FC9A}.Release|Any CPU.Build.0 = Release|Any CPU
	EndGlobalSection
	GlobalSection(SolutionProperties) = preSolution
		HideSolutionNode = FALSE
	EndGlobalSection
	GlobalSection(ExtensibilityGlobals) = postSolution
		SolutionGuid = {F1175BCA-E38B-4891-9DB2-C223D2FC89B7}
	EndGlobalSection
EndGlobal
